{
  "originHash" : "5ed9850d841c99e70920efd5f5c5242757d69da93d2bda09c0f08000f0757cca",
  "pins" : [
    {
      "identity" : "confettiswiftui",
      "kind" : "remoteSourceControl",
      "location" : "https://github.com/simibac/ConfettiSwiftUI.git",
      "state" : {
        "revision" : "f45961f97bbae6fff6e2e64546fea0189425ad92",
        "version" : "1.1.0"
      }
    },
    {
      "identity" : "fluidgradient",
      "kind" : "remoteSourceControl",
      "location" : "https://github.com/Cindori/FluidGradient",
      "state" : {
        "revision" : "9ddda4cf23671ef0228e88681ec6210cb3e0d7f7",
        "version" : "1.0.0"
      }
    },
    {
      "identity" : "fscalendar",
      "kind" : "remoteSourceControl",
      "location" : "https://github.com/WenchaoD/FSCalendar.git",
      "state" : {
        "revision" : "0fbdec5172fccb90f707472eeaea4ffe095278f6",
        "version" : "2.8.4"
      }
    },
    {
      "identity" : "swiftconfettiview",
      "kind" : "remoteSourceControl",
      "location" : "https://github.com/theoriginalbit/SwiftConfettiView.git",
      "state" : {
        "revision" : "70801fc20faf34d136da4985c2b47f4eb4725bdf",
        "version" : "0.2.0"
      }
    }
  ],
  "version" : 3
}
